
Microsoft Visual Studio Solution File, Format Version 12.00
# Visual Studio Version 17
VisualStudioVersion = 17.14.36301.6 d17.14
MinimumVisualStudioVersion = 10.0.40219.1
Project("{FAE04EC0-301F-11D3-BF4B-00C04F79EFBC}") = "SistemaBelleza", "SistemaBelleza\SistemaBelleza.csproj", "{4043DBA0-9CE7-4E58-9144-1B0A632CF7BE}"
EndProject
Global
	GlobalSection(SolutionConfigurationPlatforms) = preSolution
		Debug|Any CPU = Debug|Any CPU
		Release|Any CPU = Release|Any CPU
	EndGlobalSection
	GlobalSection(ProjectConfigurationPlatforms) = postSolution
		{4043DBA0-9CE7-4E58-9144-1B0A632CF7BE}.Debug|Any CPU.ActiveCfg = Debug|Any CPU
		{4043DBA0-9CE7-4E58-9144-1B0A632CF7BE}.Debug|Any CPU.Build.0 = Debug|Any CPU
		{4043DBA0-9CE7-4E58-9144-1B0A632CF7BE}.Release|Any CPU.ActiveCfg = Release|Any CPU
		{4043DBA0-9CE7-4E58-9144-1B0A632CF7BE}.Release|Any CPU.Build.0 = Release|Any CPU
	EndGlobalSection
	GlobalSection(SolutionProperties) = preSolution
		HideSolutionNode = FALSE
	EndGlobalSection
	GlobalSection(ExtensibilityGlobals) = postSolution
		SolutionGuid = {86AEFF64-21E1-41A5-86D0-424957978311}
	EndGlobalSection
EndGlobal
